
Microsoft Visual Studio Solution File, Format Version 12.00
# Visual Studio Version 17
VisualStudioVersion = 17.14.36202.13 d17.14
MinimumVisualStudioVersion = 10.0.40219.1
Project("{54A90642-561A-4BB1-A94E-469ADEE60C69}") = "aspnet-react-auth.client", "aspnet-react-auth.client\aspnet-react-auth.client.esproj", "{FE335A50-7163-4A77-7636-8FFD3B6CCC6C}"
EndProject
Project("{FAE04EC0-301F-11D3-BF4B-00C04F79EFBC}") = "aspNet-react-auth.Server", "aspNet-react-auth.Server\aspNet-react-auth.Server.csproj", "{C8F80414-3F6E-436A-B5AA-862E01D68E01}"
EndProject
Global
	GlobalSection(SolutionConfigurationPlatforms) = preSolution
		Debug|Any CPU = Debug|Any CPU
		Release|Any CPU = Release|Any CPU
	EndGlobalSection
	GlobalSection(ProjectConfigurationPlatforms) = postSolution
		{FE335A50-7163-4A77-7636-8FFD3B6CCC6C}.Debug|Any CPU.ActiveCfg = Debug|Any CPU
		{FE335A50-7163-4A77-7636-8FFD3B6CCC6C}.Debug|Any CPU.Build.0 = Debug|Any CPU
		{FE335A50-7163-4A77-7636-8FFD3B6CCC6C}.Debug|Any CPU.Deploy.0 = Debug|Any CPU
		{FE335A50-7163-4A77-7636-8FFD3B6CCC6C}.Release|Any CPU.ActiveCfg = Release|Any CPU
		{FE335A50-7163-4A77-7636-8FFD3B6CCC6C}.Release|Any CPU.Build.0 = Release|Any CPU
		{FE335A50-7163-4A77-7636-8FFD3B6CCC6C}.Release|Any CPU.Deploy.0 = Release|Any CPU
		{C8F80414-3F6E-436A-B5AA-862E01D68E01}.Debug|Any CPU.ActiveCfg = Debug|Any CPU
		{C8F80414-3F6E-436A-B5AA-862E01D68E01}.Debug|Any CPU.Build.0 = Debug|Any CPU
		{C8F80414-3F6E-436A-B5AA-862E01D68E01}.Release|Any CPU.ActiveCfg = Release|Any CPU
		{C8F80414-3F6E-436A-B5AA-862E01D68E01}.Release|Any CPU.Build.0 = Release|Any CPU
	EndGlobalSection
	GlobalSection(SolutionProperties) = preSolution
		HideSolutionNode = FALSE
	EndGlobalSection
	GlobalSection(ExtensibilityGlobals) = postSolution
		SolutionGuid = {29C8F423-71C1-4766-8A3E-47840482D405}
	EndGlobalSection
EndGlobal
